{
    "_meta": {
        "hash": {
            "sha256": "401e47f8c19bc43844a07d1078ee8165730ad99b5ed946e7193c3e44d223b949"
        },
        "pipfile-spec": 6,
        "requires": {
            "python_version": "3.9"
        },
        "sources": [
            {
                "name": "pypi",
                "url": "https://pypi.org/simple",
                "verify_ssl": true
            }
        ]
    },
    "default": {
        "asgiref": {
            "hashes": [
                "sha256:1d2880b792ae8757289136f1db2b7b99100ce959b2aa57fd69dab783d05afac4",
                "sha256:4a29362a6acebe09bf1d6640db38c1dc3d9217c68e6f9f6204d72667fc19a424"
            ],
            "markers": "python_version >= '3.7'",
            "version": "==3.5.2"
        },
        "django": {
            "hashes": [
                "sha256:0604e84c4fb698a5e53e5857b5aea945b2f19a18f25f10b8748dbdf935788927",
                "sha256:21f0f9643722675976004eb683c55d33c05486f94506672df3d6a141546f389d"
            ],
            "index": "pypi",
            "version": "==3.2"
        },
        "django-annoying": {
            "hashes": [
                "sha256:083b5e26f140f86178fcb47931f69b7ff75181ccd1e318d9c218ae9babc1805e",
                "sha256:e230f28fec0559b4fdb621ff202068a78170ada2ac1ec7a73ba822cc1f737791"
            ],
            "index": "pypi",
            "version": "==0.10.6"
        },
        "django-boost": {
            "hashes": [
                "sha256:266c22a5a7bdae480cfdc337b11073e1e906521a4f9c5b3dbb7e15bfeb916065",
                "sha256:6d6c2d7c34d54cfdbb6232d755967eabaaf8db5395bc003637e87a7f0e329016"
            ],
            "index": "pypi",
            "version": "==2.0"
        },
        "django-crispy-forms": {
            "hashes": [
                "sha256:888bb316db89b60050a42ec35080facb361d823eec38010ccb0702f45642d3b8",
                "sha256:f2f1e0fbb458851636447cfb6be1a611b40c8ac9e41a74ba923011378670b43b"
            ],
            "index": "pypi",
            "version": "==1.9.2"
        },
        "django-etc": {
            "hashes": [
                "sha256:6568e2448d2648967c09799a1f11637f8802b50dff2d733207271d6b60db174e",
                "sha256:c58f9a85872cbd88d6d98a6bf2cc4aba5eb739eccaaacc27d049435ff5378e4e"
            ],
            "version": "==1.3.1"
        },
        "django-extensions": {
            "hashes": [
                "sha256:28e1e1bf49f0e00307ba574d645b0af3564c981a6dfc87209d48cb98f77d0b1a",
                "sha256:9238b9e016bb0009d621e05cf56ea8ce5cce9b32e91ad2026996a7377ca28069"
            ],
            "index": "pypi",
            "version": "==3.1.5"
        },
        "django-filter": {
            "hashes": [
                "sha256:ed429e34760127e3520a67f415bec4c905d4649fbe45d0d6da37e6ff5e0287eb",
                "sha256:ed473b76e84f7e83b2511bb2050c3efb36d135207d0128dfe3ae4b36e3594ba5"
            ],
            "index": "pypi",
            "version": "==22.1"
        },
        "django-hitcount": {
            "hashes": [
                "sha256:5fe70720a75e49bfcee5c4312a7df989bb9e22848039bba1de4406f96fb9cf4d",
                "sha256:b04debff8fd7fe2d255e1d357c27f838aa45c54ed1835b3fd01af30df5319756"
            ],
            "index": "pypi",
            "version": "==1.3.5"
        },
        "django-taggit": {
            "hashes": [
                "sha256:ca2df20399a11321db75988404afb640a08eff61e52bde35f6c16f307004ec9e",
                "sha256:e645b8e3dd4f85989d5ef5c5a3d5ebbe5badf5d1e51b53e42d0af726240b00b9"
            ],
            "index": "pypi",
            "version": "==3.0.0"
        },
        "gunicorn": {
            "hashes": [
                "sha256:aa8e0b40b4157b36a5df5e599f45c9c76d6af43845ba3b3b0efe2c70473c2471",
                "sha256:fa2662097c66f920f53f70621c6c58ca4a3c4d3434205e608e121b5b3b71f4f3"
            ],
            "index": "pypi",
            "version": "==19.9.0"
        },
        "pydot": {
            "hashes": [
                "sha256:248081a39bcb56784deb018977e428605c1c758f10897a339fce1dd728ff007d",
                "sha256:66c98190c65b8d2e2382a441b4c0edfdb4f4c025ef9cb9874de478fb0793a451"
            ],
            "index": "pypi",
            "version": "==1.4.2"
        },
        "pyparsing": {
            "hashes": [
                "sha256:2b020ecf7d21b687f219b71ecad3631f644a47f01403fa1d1036b0c6416d70fb",
                "sha256:5026bae9a10eeaefb61dab2f09052b9f4307d44aee4eda64b309723d8d206bbc"
            ],
            "index": "pypi",
            "version": "==3.0.9"
        },
        "pytz": {
            "hashes": [
                "sha256:1e760e2fe6a8163bc0b3d9a19c4f84342afa0a2affebfaa84b01b978a02ecaa7",
                "sha256:e68985985296d9a66a881eb3193b0906246245294a881e7c8afe623866ac6a5c"
            ],
            "version": "==2022.1"
        },
        "six": {
            "hashes": [
                "sha256:1e61c37477a1626458e36f7b1d82aa5c9b094fa4802892072e49de9c60c4c926",
                "sha256:8abb2f1d86890a2dfb989f9a77cfcfd3e47c2a354b01111771326f8aa26e0254"
            ],
            "markers": "python_version >= '2.7' and python_version not in '3.0, 3.1, 3.2, 3.3'",
            "version": "==1.16.0"
        },
        "sqlparse": {
            "hashes": [
                "sha256:0c00730c74263a94e5a9919ade150dfc3b19c574389985446148402998287dae",
                "sha256:48719e356bb8b42991bdbb1e8b83223757b93789c00910a616a071910ca4a64d"
            ],
            "markers": "python_version >= '3.5'",
            "version": "==0.4.2"
        },
        "ua-parser": {
            "hashes": [
                "sha256:a93592ee96922b5f969bde9ae79662bdd41d041760280b099a6700264a1b7291",
                "sha256:e441c982ffe81aa7e31af40ac6bf1d39f8ad24f1d34a2d91baae415470b26e9b"
            ],
            "version": "==0.15.0"
        },
        "user-agents": {
            "hashes": [
                "sha256:a98c4dc72ecbc64812c4534108806fb0a0b3a11ec3fd1eafe807cee5b0a942e7",
                "sha256:d36d25178db65308d1458c5fa4ab39c9b2619377010130329f3955e7626ead26"
            ],
            "version": "==2.2.0"
        },
        "whitenoise": {
            "hashes": [
                "sha256:60154b976a13901414a25b0273a841145f77eb34a141f9ae032a0ace3e4d5b27",
                "sha256:6dd26bfda3af29177d8ab7333a0c7b7642eb615ce83764f4d15a9aecda3201c4"
            ],
            "index": "pypi",
            "version": "==5.1.0"
        }
    },
    "develop": {
        "autopep8": {
            "hashes": [
                "sha256:44f0932855039d2c15c4510d6df665e4730f2b8582704fa48f9c55bd3e17d979",
                "sha256:ed77137193bbac52d029a52c59bec1b0629b5a186c495f1eb21b126ac466083f"
            ],
            "index": "pypi",
            "version": "==1.6.0"
        },
        "pycodestyle": {
            "hashes": [
                "sha256:720f8b39dde8b293825e7ff02c475f3077124006db4f440dcbc9a20b76548a20",
                "sha256:eddd5847ef438ea1c7870ca7eb78a9d47ce0cdb4851a5523949f2601d0cbbe7f"
            ],
            "markers": "python_version >= '2.7' and python_version not in '3.0, 3.1, 3.2, 3.3, 3.4'",
            "version": "==2.8.0"
        },
        "toml": {
            "hashes": [
                "sha256:806143ae5bfb6a3c6e736a764057db0e6a0e05e338b5630894a5f779cabb4f9b",
                "sha256:b3bda1d108d5dd99f4a20d24d9c348e91c4db7ab1b749200bded2f839ccbe68f"
            ],
            "markers": "python_version >= '2.6' and python_version not in '3.0, 3.1, 3.2, 3.3'",
            "version": "==0.10.2"
        }
    }
}
